
Microsoft Visual Studio Solution File, Format Version 12.00
# Visual Studio 15
VisualStudioVersion = 15.0.28307.106
MinimumVisualStudioVersion = 10.0.40219.1
Project("{FAE04EC0-301F-11D3-BF4B-00C04F79EFBC}") = "Teste", "Teste\Teste.csproj", "{D022E25C-9C99-4733-BACB-3277662F0441}"
EndProject
Global
	GlobalSection(SolutionConfigurationPlatforms) = preSolution
		Debug|Any CPU = Debug|Any CPU
		Release|Any CPU = Release|Any CPU
	EndGlobalSection
	GlobalSection(ProjectConfigurationPlatforms) = postSolution
		{D022E25C-9C99-4733-BACB-3277662F0441}.Debug|Any CPU.ActiveCfg = Debug|Any CPU
		{D022E25C-9C99-4733-BACB-3277662F0441}.Debug|Any CPU.Build.0 = Debug|Any CPU
		{D022E25C-9C99-4733-BACB-3277662F0441}.Release|Any CPU.ActiveCfg = Release|Any CPU
		{D022E25C-9C99-4733-BACB-3277662F0441}.Release|Any CPU.Build.0 = Release|Any CPU
	EndGlobalSection
	GlobalSection(SolutionProperties) = preSolution
		HideSolutionNode = FALSE
	EndGlobalSection
	GlobalSection(ExtensibilityGlobals) = postSolution
		SolutionGuid = {EC518967-E5F8-4113-A1E1-D188C186C2A9}
	EndGlobalSection
EndGlobal
